
Microsoft Visual Studio Solution File, Format Version 12.00
# Visual Studio Version 17
VisualStudioVersion = 17.4.33213.308
MinimumVisualStudioVersion = 10.0.40219.1
Project("{9A19103F-16F7-4668-BE54-9A1E7A4F7556}") = "TicTacToeApp", "TicTacToeApp.csproj", "{64912270-E7E0-46DD-8731-D0732AA8A27F}"
EndProject
Project("{FAE04EC0-301F-11D3-BF4B-00C04F79EFBC}") = "TicTacToeMauiApp", "TicTacToeMauiApp\TicTacToeMauiApp.csproj", "{B3498518-F0D0-47F2-A1FA-7FF20E3B3AC8}"
EndProject
Global
	GlobalSection(SolutionConfigurationPlatforms) = preSolution
		Debug|Any CPU = Debug|Any CPU
		Release|Any CPU = Release|Any CPU
	EndGlobalSection
	GlobalSection(ProjectConfigurationPlatforms) = postSolution
		{64912270-E7E0-46DD-8731-D0732AA8A27F}.Debug|Any CPU.ActiveCfg = Debug|Any CPU
		{64912270-E7E0-46DD-8731-D0732AA8A27F}.Debug|Any CPU.Build.0 = Debug|Any CPU
		{64912270-E7E0-46DD-8731-D0732AA8A27F}.Release|Any CPU.ActiveCfg = Release|Any CPU
		{64912270-E7E0-46DD-8731-D0732AA8A27F}.Release|Any CPU.Build.0 = Release|Any CPU
		{B3498518-F0D0-47F2-A1FA-7FF20E3B3AC8}.Debug|Any CPU.ActiveCfg = Debug|Any CPU
		{B3498518-F0D0-47F2-A1FA-7FF20E3B3AC8}.Debug|Any CPU.Build.0 = Debug|Any CPU
		{B3498518-F0D0-47F2-A1FA-7FF20E3B3AC8}.Debug|Any CPU.Deploy.0 = Debug|Any CPU
		{B3498518-F0D0-47F2-A1FA-7FF20E3B3AC8}.Release|Any CPU.ActiveCfg = Release|Any CPU
		{B3498518-F0D0-47F2-A1FA-7FF20E3B3AC8}.Release|Any CPU.Build.0 = Release|Any CPU
		{B3498518-F0D0-47F2-A1FA-7FF20E3B3AC8}.Release|Any CPU.Deploy.0 = Release|Any CPU
	EndGlobalSection
	GlobalSection(SolutionProperties) = preSolution
		HideSolutionNode = FALSE
	EndGlobalSection
	GlobalSection(ExtensibilityGlobals) = postSolution
		SolutionGuid = {426B930B-B507-4607-9E1B-F08B933BB9FD}
	EndGlobalSection
EndGlobal
